
Microsoft Visual Studio Solution File, Format Version 11.00
# Visual Studio 2010
Project("{FAE04EC0-301F-11D3-BF4B-00C04F79EFBC}") = "HistoryLib", "HistoryLib\HistoryLib.csproj", "{E7DE6237-AEA2-498B-8F56-9B392472C490}"
EndProject
Project("{FAE04EC0-301F-11D3-BF4B-00C04F79EFBC}") = "ScreenCapture", "ScreenCapture\ScreenCapture.csproj", "{DBDB0DAA-B3AE-4CC4-A8C2-20550B7F32E3}"
EndProject
Project("{FAE04EC0-301F-11D3-BF4B-00C04F79EFBC}") = "ScreenCapture.Shapes", "ScreenCapture.Shapes\ScreenCapture.Shapes.csproj", "{7F53BD0C-1BBD-416C-89CE-3FF39D4D3414}"
EndProject
Project("{FAE04EC0-301F-11D3-BF4B-00C04F79EFBC}") = "HelpersLib", "HelpersLib\HelpersLib.csproj", "{327750E1-9FB7-4CC3-8AEA-9BC42180CAD3}"
EndProject
Project("{FAE04EC0-301F-11D3-BF4B-00C04F79EFBC}") = "ShareX", "ShareX\ShareX.csproj", "{C5AE4585-E9EC-4FA3-B75A-E1210635ACB6}"
EndProject
Project("{FAE04EC0-301F-11D3-BF4B-00C04F79EFBC}") = "UploadersLib", "UploadersLib\UploadersLib.csproj", "{E1C94415-3424-4517-A2A1-B2FDD1F59C67}"
EndProject
Global
	GlobalSection(SolutionConfigurationPlatforms) = preSolution
		Debug|Any CPU = Debug|Any CPU
		Debug|x86 = Debug|x86
		Release|Any CPU = Release|Any CPU
		Release|x86 = Release|x86
	EndGlobalSection
	GlobalSection(ProjectConfigurationPlatforms) = postSolution
		{E7DE6237-AEA2-498B-8F56-9B392472C490}.Debug|Any CPU.ActiveCfg = Debug|Any CPU
		{E7DE6237-AEA2-498B-8F56-9B392472C490}.Debug|Any CPU.Build.0 = Debug|Any CPU
		{E7DE6237-AEA2-498B-8F56-9B392472C490}.Debug|x86.ActiveCfg = Debug|x86
		{E7DE6237-AEA2-498B-8F56-9B392472C490}.Debug|x86.Build.0 = Debug|x86
		{E7DE6237-AEA2-498B-8F56-9B392472C490}.Release|Any CPU.ActiveCfg = Release|Any CPU
		{E7DE6237-AEA2-498B-8F56-9B392472C490}.Release|Any CPU.Build.0 = Release|Any CPU
		{E7DE6237-AEA2-498B-8F56-9B392472C490}.Release|x86.ActiveCfg = Release|x86
		{E7DE6237-AEA2-498B-8F56-9B392472C490}.Release|x86.Build.0 = Release|x86
		{DBDB0DAA-B3AE-4CC4-A8C2-20550B7F32E3}.Debug|Any CPU.ActiveCfg = Debug|Any CPU
		{DBDB0DAA-B3AE-4CC4-A8C2-20550B7F32E3}.Debug|Any CPU.Build.0 = Debug|Any CPU
		{DBDB0DAA-B3AE-4CC4-A8C2-20550B7F32E3}.Debug|x86.ActiveCfg = Debug|x86
		{DBDB0DAA-B3AE-4CC4-A8C2-20550B7F32E3}.Debug|x86.Build.0 = Debug|x86
		{DBDB0DAA-B3AE-4CC4-A8C2-20550B7F32E3}.Release|Any CPU.ActiveCfg = Release|Any CPU
		{DBDB0DAA-B3AE-4CC4-A8C2-20550B7F32E3}.Release|Any CPU.Build.0 = Release|Any CPU
		{DBDB0DAA-B3AE-4CC4-A8C2-20550B7F32E3}.Release|x86.ActiveCfg = Release|x86
		{DBDB0DAA-B3AE-4CC4-A8C2-20550B7F32E3}.Release|x86.Build.0 = Release|x86
		{7F53BD0C-1BBD-416C-89CE-3FF39D4D3414}.Debug|Any CPU.ActiveCfg = Debug|Any CPU
		{7F53BD0C-1BBD-416C-89CE-3FF39D4D3414}.Debug|Any CPU.Build.0 = Debug|Any CPU
		{7F53BD0C-1BBD-416C-89CE-3FF39D4D3414}.Debug|x86.ActiveCfg = Debug|Any CPU
		{7F53BD0C-1BBD-416C-89CE-3FF39D4D3414}.Release|Any CPU.ActiveCfg = Release|Any CPU
		{7F53BD0C-1BBD-416C-89CE-3FF39D4D3414}.Release|Any CPU.Build.0 = Release|Any CPU
		{7F53BD0C-1BBD-416C-89CE-3FF39D4D3414}.Release|x86.ActiveCfg = Release|Any CPU
		{327750E1-9FB7-4CC3-8AEA-9BC42180CAD3}.Debug|Any CPU.ActiveCfg = Debug|Any CPU
		{327750E1-9FB7-4CC3-8AEA-9BC42180CAD3}.Debug|Any CPU.Build.0 = Debug|Any CPU
		{327750E1-9FB7-4CC3-8AEA-9BC42180CAD3}.Debug|x86.ActiveCfg = Debug|x86
		{327750E1-9FB7-4CC3-8AEA-9BC42180CAD3}.Debug|x86.Build.0 = Debug|x86
		{327750E1-9FB7-4CC3-8AEA-9BC42180CAD3}.Release|Any CPU.ActiveCfg = Release|Any CPU
		{327750E1-9FB7-4CC3-8AEA-9BC42180CAD3}.Release|Any CPU.Build.0 = Release|Any CPU
		{327750E1-9FB7-4CC3-8AEA-9BC42180CAD3}.Release|x86.ActiveCfg = Release|x86
		{327750E1-9FB7-4CC3-8AEA-9BC42180CAD3}.Release|x86.Build.0 = Release|x86
		{C5AE4585-E9EC-4FA3-B75A-E1210635ACB6}.Debug|Any CPU.ActiveCfg = Debug|Any CPU
		{C5AE4585-E9EC-4FA3-B75A-E1210635ACB6}.Debug|Any CPU.Build.0 = Debug|Any CPU
		{C5AE4585-E9EC-4FA3-B75A-E1210635ACB6}.Debug|x86.ActiveCfg = Debug|x86
		{C5AE4585-E9EC-4FA3-B75A-E1210635ACB6}.Debug|x86.Build.0 = Debug|x86
		{C5AE4585-E9EC-4FA3-B75A-E1210635ACB6}.Release|Any CPU.ActiveCfg = Release|Any CPU
		{C5AE4585-E9EC-4FA3-B75A-E1210635ACB6}.Release|Any CPU.Build.0 = Release|Any CPU
		{C5AE4585-E9EC-4FA3-B75A-E1210635ACB6}.Release|x86.ActiveCfg = Release|x86
		{C5AE4585-E9EC-4FA3-B75A-E1210635ACB6}.Release|x86.Build.0 = Release|x86
		{E1C94415-3424-4517-A2A1-B2FDD1F59C67}.Debug|Any CPU.ActiveCfg = Debug|Any CPU
		{E1C94415-3424-4517-A2A1-B2FDD1F59C67}.Debug|Any CPU.Build.0 = Debug|Any CPU
		{E1C94415-3424-4517-A2A1-B2FDD1F59C67}.Debug|x86.ActiveCfg = Debug|x86
		{E1C94415-3424-4517-A2A1-B2FDD1F59C67}.Debug|x86.Build.0 = Debug|x86
		{E1C94415-3424-4517-A2A1-B2FDD1F59C67}.Release|Any CPU.ActiveCfg = Release|Any CPU
		{E1C94415-3424-4517-A2A1-B2FDD1F59C67}.Release|Any CPU.Build.0 = Release|Any CPU
		{E1C94415-3424-4517-A2A1-B2FDD1F59C67}.Release|x86.ActiveCfg = Release|x86
		{E1C94415-3424-4517-A2A1-B2FDD1F59C67}.Release|x86.Build.0 = Release|x86
	EndGlobalSection
	GlobalSection(SolutionProperties) = preSolution
		HideSolutionNode = FALSE
	EndGlobalSection
EndGlobal
